
Microsoft Visual Studio Solution File, Format Version 12.00
# Visual Studio Version 16
VisualStudioVersion = 16.0.33529.622
MinimumVisualStudioVersion = 10.0.40219.1
Project("{FAE04EC0-301F-11D3-BF4B-00C04F79EFBC}") = "лр26", "лр26\лр26.csproj", "{15B88567-33D9-40BB-AD5D-BBBDE58D9A12}"
EndProject
Global
	GlobalSection(SolutionConfigurationPlatforms) = preSolution
		Debug|Any CPU = Debug|Any CPU
		Release|Any CPU = Release|Any CPU
	EndGlobalSection
	GlobalSection(ProjectConfigurationPlatforms) = postSolution
		{15B88567-33D9-40BB-AD5D-BBBDE58D9A12}.Debug|Any CPU.ActiveCfg = Debug|Any CPU
		{15B88567-33D9-40BB-AD5D-BBBDE58D9A12}.Debug|Any CPU.Build.0 = Debug|Any CPU
		{15B88567-33D9-40BB-AD5D-BBBDE58D9A12}.Release|Any CPU.ActiveCfg = Release|Any CPU
		{15B88567-33D9-40BB-AD5D-BBBDE58D9A12}.Release|Any CPU.Build.0 = Release|Any CPU
	EndGlobalSection
	GlobalSection(SolutionProperties) = preSolution
		HideSolutionNode = FALSE
	EndGlobalSection
	GlobalSection(ExtensibilityGlobals) = postSolution
		SolutionGuid = {C7E3E89C-A3C8-409D-AF35-55B83CA80EE0}
	EndGlobalSection
EndGlobal
